<?xml version="1.0" encoding="utf-8"?>
<Project ToolsVersion="4.0" xmlns="http://schemas.microsoft.com/developer/msbuild/2003">
  <ItemGroup>
    <Filter Include="Header Files">
      <UniqueIdentifier>{dcfdac38-f41c-41e1-9fcc-d08e5faea339}</UniqueIdentifier>
    </Filter>
    <Filter Include="Source Files">
      <UniqueIdentifier>{26e2ed8b-5b70-4ff3-af8a-dfa4b7e05a61}</UniqueIdentifier>
    </Filter>
  </ItemGroup>
  <ItemGroup>
    <ClCompile Include="iknn_impute.cuh">
      <Filter>Header Files</Filter>
    </ClCompile>
    <ClCompile Include="knn_impute.cuh">
      <Filter>Header Files</Filter>
    </ClCompile>
    <ClCompile Include="ls_impute.cuh">
      <Filter>Header Files</Filter>
    </ClCompile>
  </ItemGroup>
  <ItemGroup>
    <ClInclude Include="svd_impute.cuh">
      <Filter>Header Files</Filter>
    </ClInclude>
  </ItemGroup>
  <ItemGroup>
    <CudaCompile Include="iknn_impute.cu">
      <Filter>Source Files</Filter>
    </CudaCompile>
    <CudaCompile Include="knn_impute.cu">
      <Filter>Source Files</Filter>
    </CudaCompile>
    <CudaCompile Include="ls_impute.cu">
      <Filter>Source Files</Filter>
    </CudaCompile>
    <CudaCompile Include="svd_impute.cu">
      <Filter>Source Files</Filter>
    </CudaCompile>
  </ItemGroup>
</Project>